// !$*UTF8*$!
{
	archiveVersion = 1;
	classes = {
	};
	objectVersion = 77;
	objects = {

/* Begin PBXBuildFile section */
		B0385B0B2F41DDF000289624 /* SwiftKT.framework in Frameworks */ = {isa = PBXBuildFile; fileRef = B0385AFF2F41DDEF00289624 /* SwiftKT.framework */; };
		B0385B2B2F41E20100289624 /* KotlinStringPadding.swift in Sources */ = {isa = PBXBuildFile; fileRef = B0385B222F41E20100289624 /* KotlinStringPadding.swift */; };
		B0385B2C2F41E20100289624 /* KotlinStringSearch.swift in Sources */ = {isa = PBXBuildFile; fileRef = B0385B262F41E20100289624 /* KotlinStringSearch.swift */; };
		B0385B2D2F41E20100289624 /* KotlinStringProxy.swift in Sources */ = {isa = PBXBuildFile; fileRef = B0385B242F41E20100289624 /* KotlinStringProxy.swift */; };
		B0385B2E2F41E20100289624 /* KotlinStringErrors.swift in Sources */ = {isa = PBXBuildFile; fileRef = B0385B202F41E20100289624 /* KotlinStringErrors.swift */; };
		B0385B2F2F41E20100289624 /* KotlinStringCollection.swift in Sources */ = {isa = PBXBuildFile; fileRef = B0385B1F2F41E20100289624 /* KotlinStringCollection.swift */; };
		B0385B302F41E20100289624 /* KotlinStringRegex.swift in Sources */ = {isa = PBXBuildFile; fileRef = B0385B252F41E20100289624 /* KotlinStringRegex.swift */; };
		B0385B312F41E20100289624 /* KotlinStringIndex.swift in Sources */ = {isa = PBXBuildFile; fileRef = B0385B212F41E20100289624 /* KotlinStringIndex.swift */; };
		B0385B322F41E20100289624 /* KotlinStringTransform.swift in Sources */ = {isa = PBXBuildFile; fileRef = B0385B282F41E20100289624 /* KotlinStringTransform.swift */; };
		B0385B332F41E20100289624 /* KotlinStringPredicates.swift in Sources */ = {isa = PBXBuildFile; fileRef = B0385B232F41E20100289624 /* KotlinStringPredicates.swift */; };
		B0385B342F41E20100289624 /* KotlinStringSplit.swift in Sources */ = {isa = PBXBuildFile; fileRef = B0385B272F41E20100289624 /* KotlinStringSplit.swift */; };
		B0385B3C2F41E2AA00289624 /* SwiftKTTests.swift in Sources */ = {isa = PBXBuildFile; fileRef = B0385B392F41E2AA00289624 /* SwiftKTTests.swift */; };
/* End PBXBuildFile section */

/* Begin PBXContainerItemProxy section */
		B0385B0C2F41DDF000289624 /* PBXContainerItemProxy */ = {
			isa = PBXContainerItemProxy;
			containerPortal = B0385AF62F41DDEF00289624 /* Project object */;
			proxyType = 1;
			remoteGlobalIDString = B0385AFE2F41DDEF00289624;
			remoteInfo = SwiftKT;
		};
/* End PBXContainerItemProxy section */

/* Begin PBXFileReference section */
		B0385AFF2F41DDEF00289624 /* SwiftKT.framework */ = {isa = PBXFileReference; explicitFileType = wrapper.framework; includeInIndex = 0; path = SwiftKT.framework; sourceTree = BUILT_PRODUCTS_DIR; };
		B0385B0A2F41DDF000289624 /* SwiftKTTests.xctest */ = {isa = PBXFileReference; explicitFileType = wrapper.cfbundle; includeInIndex = 0; path = SwiftKTTests.xctest; sourceTree = BUILT_PRODUCTS_DIR; };
		B0385B1F2F41E20100289624 /* KotlinStringCollection.swift */ = {isa = PBXFileReference; lastKnownFileType = sourcecode.swift; path = KotlinStringCollection.swift; sourceTree = "<group>"; };
		B0385B202F41E20100289624 /* KotlinStringErrors.swift */ = {isa = PBXFileReference; lastKnownFileType = sourcecode.swift; path = KotlinStringErrors.swift; sourceTree = "<group>"; };
		B0385B212F41E20100289624 /* KotlinStringIndex.swift */ = {isa = PBXFileReference; lastKnownFileType = sourcecode.swift; path = KotlinStringIndex.swift; sourceTree = "<group>"; };
		B0385B222F41E20100289624 /* KotlinStringPadding.swift */ = {isa = PBXFileReference; lastKnownFileType = sourcecode.swift; path = KotlinStringPadding.swift; sourceTree = "<group>"; };
		B0385B232F41E20100289624 /* KotlinStringPredicates.swift */ = {isa = PBXFileReference; lastKnownFileType = sourcecode.swift; path = KotlinStringPredicates.swift; sourceTree = "<group>"; };
		B0385B242F41E20100289624 /* KotlinStringProxy.swift */ = {isa = PBXFileReference; lastKnownFileType = sourcecode.swift; path = KotlinStringProxy.swift; sourceTree = "<group>"; };
		B0385B252F41E20100289624 /* KotlinStringRegex.swift */ = {isa = PBXFileReference; lastKnownFileType = sourcecode.swift; path = KotlinStringRegex.swift; sourceTree = "<group>"; };
		B0385B262F41E20100289624 /* KotlinStringSearch.swift */ = {isa = PBXFileReference; lastKnownFileType = sourcecode.swift; path = KotlinStringSearch.swift; sourceTree = "<group>"; };
		B0385B272F41E20100289624 /* KotlinStringSplit.swift */ = {isa = PBXFileReference; lastKnownFileType = sourcecode.swift; path = KotlinStringSplit.swift; sourceTree = "<group>"; };
		B0385B282F41E20100289624 /* KotlinStringTransform.swift */ = {isa = PBXFileReference; lastKnownFileType = sourcecode.swift; path = KotlinStringTransform.swift; sourceTree = "<group>"; };
		B0385B392F41E2AA00289624 /* SwiftKTTests.swift */ = {isa = PBXFileReference; lastKnownFileType = sourcecode.swift; path = SwiftKTTests.swift; sourceTree = "<group>"; };
/* End PBXFileReference section */

/* Begin PBXFrameworksBuildPhase section */
		B0385AFC2F41DDEF00289624 /* Frameworks */ = {
			isa = PBXFrameworksBuildPhase;
			buildActionMask = 2147483647;
			files = (
			);
			runOnlyForDeploymentPostprocessing = 0;
		};
		B0385B072F41DDF000289624 /* Frameworks */ = {
			isa = PBXFrameworksBuildPhase;
			buildActionMask = 2147483647;
			files = (
				B0385B0B2F41DDF000289624 /* SwiftKT.framework in Frameworks */,
			);
			runOnlyForDeploymentPostprocessing = 0;
		};
/* End PBXFrameworksBuildPhase section */

/* Begin PBXGroup section */
		B0385AF52F41DDEF00289624 = {
			isa = PBXGroup;
			children = (
				B0385B2A2F41E20100289624 /* Sources */,
				B0385B3B2F41E2AA00289624 /* Tests */,
				B0385B002F41DDEF00289624 /* Products */,
			);
			sourceTree = "<group>";
		};
		B0385B002F41DDEF00289624 /* Products */ = {
			isa = PBXGroup;
			children = (
				B0385AFF2F41DDEF00289624 /* SwiftKT.framework */,
				B0385B0A2F41DDF000289624 /* SwiftKTTests.xctest */,
			);
			name = Products;
			sourceTree = "<group>";
		};
		B0385B292F41E20100289624 /* SwiftKT */ = {
			isa = PBXGroup;
			children = (
				B0385B1F2F41E20100289624 /* KotlinStringCollection.swift */,
				B0385B202F41E20100289624 /* KotlinStringErrors.swift */,
				B0385B212F41E20100289624 /* KotlinStringIndex.swift */,
				B0385B222F41E20100289624 /* KotlinStringPadding.swift */,
				B0385B232F41E20100289624 /* KotlinStringPredicates.swift */,
				B0385B242F41E20100289624 /* KotlinStringProxy.swift */,
				B0385B252F41E20100289624 /* KotlinStringRegex.swift */,
				B0385B262F41E20100289624 /* KotlinStringSearch.swift */,
				B0385B272F41E20100289624 /* KotlinStringSplit.swift */,
				B0385B282F41E20100289624 /* KotlinStringTransform.swift */,
			);
			path = SwiftKT;
			sourceTree = "<group>";
		};
		B0385B2A2F41E20100289624 /* Sources */ = {
			isa = PBXGroup;
			children = (
				B0385B292F41E20100289624 /* SwiftKT */,
			);
			path = Sources;
			sourceTree = "<group>";
		};
		B0385B3A2F41E2AA00289624 /* SwiftKTTests */ = {
			isa = PBXGroup;
			children = (
				B0385B392F41E2AA00289624 /* SwiftKTTests.swift */,
			);
			path = SwiftKTTests;
			sourceTree = "<group>";
		};
		B0385B3B2F41E2AA00289624 /* Tests */ = {
			isa = PBXGroup;
			children = (
				B0385B3A2F41E2AA00289624 /* SwiftKTTests */,
			);
			path = Tests;
			sourceTree = "<group>";
		};
/* End PBXGroup section */

/* Begin PBXHeadersBuildPhase section */
		B0385AFA2F41DDEF00289624 /* Headers */ = {
			isa = PBXHeadersBuildPhase;
			buildActionMask = 2147483647;
			files = (
			);
			runOnlyForDeploymentPostprocessing = 0;
		};
/* End PBXHeadersBuildPhase section */

/* Begin PBXNativeTarget section */
		B0385AFE2F41DDEF00289624 /* SwiftKT */ = {
			isa = PBXNativeTarget;
			buildConfigurationList = B0385B132F41DDF000289624 /* Build configuration list for PBXNativeTarget "SwiftKT" */;
			buildPhases = (
				B0385AFA2F41DDEF00289624 /* Headers */,
				B0385AFB2F41DDEF00289624 /* Sources */,
				B0385AFC2F41DDEF00289624 /* Frameworks */,
				B0385AFD2F41DDEF00289624 /* Resources */,
			);
			buildRules = (
			);
			dependencies = (
			);
			name = SwiftKT;
			packageProductDependencies = (
			);
			productName = SwiftKT;
			productReference = B0385AFF2F41DDEF00289624 /* SwiftKT.framework */;
			productType = "com.apple.product-type.framework";
		};
		B0385B092F41DDF000289624 /* SwiftKTTests */ = {
			isa = PBXNativeTarget;
			buildConfigurationList = B0385B162F41DDF000289624 /* Build configuration list for PBXNativeTarget "SwiftKTTests" */;
			buildPhases = (
				B0385B062F41DDF000289624 /* Sources */,
				B0385B072F41DDF000289624 /* Frameworks */,
				B0385B082F41DDF000289624 /* Resources */,
			);
			buildRules = (
			);
			dependencies = (
				B0385B0D2F41DDF000289624 /* PBXTargetDependency */,
			);
			name = SwiftKTTests;
			packageProductDependencies = (
			);
			productName = SwiftKTTests;
			productReference = B0385B0A2F41DDF000289624 /* SwiftKTTests.xctest */;
			productType = "com.apple.product-type.bundle.unit-test";
		};
/* End PBXNativeTarget section */

/* Begin PBXProject section */
		B0385AF62F41DDEF00289624 /* Project object */ = {
			isa = PBXProject;
			attributes = {
				BuildIndependentTargetsInParallel = 1;
				LastSwiftUpdateCheck = 2620;
				LastUpgradeCheck = 2620;
				TargetAttributes = {
					B0385AFE2F41DDEF00289624 = {
						CreatedOnToolsVersion = 26.2;
					};
					B0385B092F41DDF000289624 = {
						CreatedOnToolsVersion = 26.2;
					};
				};
			};
			buildConfigurationList = B0385AF92F41DDEF00289624 /* Build configuration list for PBXProject "SwiftKT" */;
			developmentRegion = en;
			hasScannedForEncodings = 0;
			knownRegions = (
				en,
				Base,
			);
			mainGroup = B0385AF52F41DDEF00289624;
			minimizedProjectReferenceProxies = 1;
			preferredProjectObjectVersion = 77;
			productRefGroup = B0385B002F41DDEF00289624 /* Products */;
			projectDirPath = "";
			projectRoot = "";
			targets = (
				B0385AFE2F41DDEF00289624 /* SwiftKT */,
				B0385B092F41DDF000289624 /* SwiftKTTests */,
			);
		};
/* End PBXProject section */

/* Begin PBXResourcesBuildPhase section */
		B0385AFD2F41DDEF00289624 /* Resources */ = {
			isa = PBXResourcesBuildPhase;
			buildActionMask = 2147483647;
			files = (
			);
			runOnlyForDeploymentPostprocessing = 0;
		};
		B0385B082F41DDF000289624 /* Resources */ = {
			isa = PBXResourcesBuildPhase;
			buildActionMask = 2147483647;
			files = (
			);
			runOnlyForDeploymentPostprocessing = 0;
		};
/* End PBXResourcesBuildPhase section */

/* Begin PBXSourcesBuildPhase section */
		B0385AFB2F41DDEF00289624 /* Sources */ = {
			isa = PBXSourcesBuildPhase;
			buildActionMask = 2147483647;
			files = (
				B0385B2B2F41E20100289624 /* KotlinStringPadding.swift in Sources */,
				B0385B2C2F41E20100289624 /* KotlinStringSearch.swift in Sources */,
				B0385B2D2F41E20100289624 /* KotlinStringProxy.swift in Sources */,
				B0385B2E2F41E20100289624 /* KotlinStringErrors.swift in Sources */,
				B0385B2F2F41E20100289624 /* KotlinStringCollection.swift in Sources */,
				B0385B302F41E20100289624 /* KotlinStringRegex.swift in Sources */,
				B0385B312F41E20100289624 /* KotlinStringIndex.swift in Sources */,
				B0385B322F41E20100289624 /* KotlinStringTransform.swift in Sources */,
				B0385B332F41E20100289624 /* KotlinStringPredicates.swift in Sources */,
				B0385B342F41E20100289624 /* KotlinStringSplit.swift in Sources */,
			);
			runOnlyForDeploymentPostprocessing = 0;
		};
		B0385B062F41DDF000289624 /* Sources */ = {
			isa = PBXSourcesBuildPhase;
			buildActionMask = 2147483647;
			files = (
				B0385B3C2F41E2AA00289624 /* SwiftKTTests.swift in Sources */,
			);
			runOnlyForDeploymentPostprocessing = 0;
		};
/* End PBXSourcesBuildPhase section */

/* Begin PBXTargetDependency section */
		B0385B0D2F41DDF000289624 /* PBXTargetDependency */ = {
			isa = PBXTargetDependency;
			target = B0385AFE2F41DDEF00289624 /* SwiftKT */;
			targetProxy = B0385B0C2F41DDF000289624 /* PBXContainerItemProxy */;
		};
/* End PBXTargetDependency section */

/* Begin XCBuildConfiguration section */
		B0385B112F41DDF000289624 /* Debug */ = {
			isa = XCBuildConfiguration;
			buildSettings = {
				ALWAYS_SEARCH_USER_PATHS = NO;
				ASSETCATALOG_COMPILER_GENERATE_SWIFT_ASSET_SYMBOL_EXTENSIONS = YES;
				CLANG_ANALYZER_NONNULL = YES;
				CLANG_ANALYZER_NUMBER_OBJECT_CONVERSION = YES_AGGRESSIVE;
				CLANG_CXX_LANGUAGE_STANDARD = "gnu++20";
				CLANG_ENABLE_MODULES = YES;
				CLANG_ENABLE_OBJC_ARC = YES;
				CLANG_ENABLE_OBJC_WEAK = YES;
				CLANG_WARN_BLOCK_CAPTURE_AUTORELEASING = YES;
				CLANG_WARN_BOOL_CONVERSION = YES;
				CLANG_WARN_COMMA = YES;
				CLANG_WARN_CONSTANT_CONVERSION = YES;
				CLANG_WARN_DEPRECATED_OBJC_IMPLEMENTATIONS = YES;
				CLANG_WARN_DIRECT_OBJC_ISA_USAGE = YES_ERROR;
				CLANG_WARN_DOCUMENTATION_COMMENTS = YES;
				CLANG_WARN_EMPTY_BODY = YES;
				CLANG_WARN_ENUM_CONVERSION = YES;
				CLANG_WARN_INFINITE_RECURSION = YES;
				CLANG_WARN_INT_CONVERSION = YES;
				CLANG_WARN_NON_LITERAL_NULL_CONVERSION = YES;
				CLANG_WARN_OBJC_IMPLICIT_RETAIN_SELF = YES;
				CLANG_WARN_OBJC_LITERAL_CONVERSION = YES;
				CLANG_WARN_OBJC_ROOT_CLASS = YES_ERROR;
				CLANG_WARN_QUOTED_INCLUDE_IN_FRAMEWORK_HEADER = YES;
				CLANG_WARN_RANGE_LOOP_ANALYSIS = YES;
				CLANG_WARN_STRICT_PROTOTYPES = YES;
				CLANG_WARN_SUSPICIOUS_MOVE = YES;
				CLANG_WARN_UNGUARDED_AVAILABILITY = YES_AGGRESSIVE;
				CLANG_WARN_UNREACHABLE_CODE = YES;
				CLANG_WARN__DUPLICATE_METHOD_MATCH = YES;
				COPY_PHASE_STRIP = NO;
				CURRENT_PROJECT_VERSION = 1;
				DEBUG_INFORMATION_FORMAT = dwarf;
				DEVELOPMENT_TEAM = R96AT8JUJ4;
				ENABLE_STRICT_OBJC_MSGSEND = YES;
				ENABLE_TESTABILITY = YES;
				ENABLE_USER_SCRIPT_SANDBOXING = YES;
				GCC_C_LANGUAGE_STANDARD = gnu17;
				GCC_DYNAMIC_NO_PIC = NO;
				GCC_NO_COMMON_BLOCKS = YES;
				GCC_OPTIMIZATION_LEVEL = 0;
				GCC_PREPROCESSOR_DEFINITIONS = (
					"DEBUG=1",
					"$(inherited)",
				);
				GCC_WARN_64_TO_32_BIT_CONVERSION = YES;
				GCC_WARN_ABOUT_RETURN_TYPE = YES_ERROR;
				GCC_WARN_UNDECLARED_SELECTOR = YES;
				GCC_WARN_UNINITIALIZED_AUTOS = YES_AGGRESSIVE;
				GCC_WARN_UNUSED_FUNCTION = YES;
				GCC_WARN_UNUSED_VARIABLE = YES;
				LOCALIZATION_PREFERS_STRING_CATALOGS = YES;
				MTL_ENABLE_DEBUG_INFO = INCLUDE_SOURCE;
				MTL_FAST_MATH = YES;
				ONLY_ACTIVE_ARCH = YES;
				SWIFT_ACTIVE_COMPILATION_CONDITIONS = "DEBUG $(inherited)";
				SWIFT_OPTIMIZATION_LEVEL = "-Onone";
				VERSIONING_SYSTEM = "apple-generic";
				VERSION_INFO_PREFIX = "";
			};
			name = Debug;
		};
		B0385B122F41DDF000289624 /* Release */ = {
			isa = XCBuildConfiguration;
			buildSettings = {
				ALWAYS_SEARCH_USER_PATHS = NO;
				ASSETCATALOG_COMPILER_GENERATE_SWIFT_ASSET_SYMBOL_EXTENSIONS = YES;
				CLANG_ANALYZER_NONNULL = YES;
				CLANG_ANALYZER_NUMBER_OBJECT_CONVERSION = YES_AGGRESSIVE;
				CLANG_CXX_LANGUAGE_STANDARD = "gnu++20";
				CLANG_ENABLE_MODULES = YES;
				CLANG_ENABLE_OBJC_ARC = YES;
				CLANG_ENABLE_OBJC_WEAK = YES;
				CLANG_WARN_BLOCK_CAPTURE_AUTORELEASING = YES;
				CLANG_WARN_BOOL_CONVERSION = YES;
				CLANG_WARN_COMMA = YES;
				CLANG_WARN_CONSTANT_CONVERSION = YES;
				CLANG_WARN_DEPRECATED_OBJC_IMPLEMENTATIONS = YES;
				CLANG_WARN_DIRECT_OBJC_ISA_USAGE = YES_ERROR;
				CLANG_WARN_DOCUMENTATION_COMMENTS = YES;
				CLANG_WARN_EMPTY_BODY = YES;
				CLANG_WARN_ENUM_CONVERSION = YES;
				CLANG_WARN_INFINITE_RECURSION = YES;
				CLANG_WARN_INT_CONVERSION = YES;
				CLANG_WARN_NON_LITERAL_NULL_CONVERSION = YES;
				CLANG_WARN_OBJC_IMPLICIT_RETAIN_SELF = YES;
				CLANG_WARN_OBJC_LITERAL_CONVERSION = YES;
				CLANG_WARN_OBJC_ROOT_CLASS = YES_ERROR;
				CLANG_WARN_QUOTED_INCLUDE_IN_FRAMEWORK_HEADER = YES;
				CLANG_WARN_RANGE_LOOP_ANALYSIS = YES;
				CLANG_WARN_STRICT_PROTOTYPES = YES;
				CLANG_WARN_SUSPICIOUS_MOVE = YES;
				CLANG_WARN_UNGUARDED_AVAILABILITY = YES_AGGRESSIVE;
				CLANG_WARN_UNREACHABLE_CODE = YES;
				CLANG_WARN__DUPLICATE_METHOD_MATCH = YES;
				COPY_PHASE_STRIP = NO;
				CURRENT_PROJECT_VERSION = 1;
				DEBUG_INFORMATION_FORMAT = "dwarf-with-dsym";
				DEVELOPMENT_TEAM = R96AT8JUJ4;
				ENABLE_NS_ASSERTIONS = NO;
				ENABLE_STRICT_OBJC_MSGSEND = YES;
				ENABLE_USER_SCRIPT_SANDBOXING = YES;
				GCC_C_LANGUAGE_STANDARD = gnu17;
				GCC_NO_COMMON_BLOCKS = YES;
				GCC_WARN_64_TO_32_BIT_CONVERSION = YES;
				GCC_WARN_ABOUT_RETURN_TYPE = YES_ERROR;
				GCC_WARN_UNDECLARED_SELECTOR = YES;
				GCC_WARN_UNINITIALIZED_AUTOS = YES_AGGRESSIVE;
				GCC_WARN_UNUSED_FUNCTION = YES;
				GCC_WARN_UNUSED_VARIABLE = YES;
				LOCALIZATION_PREFERS_STRING_CATALOGS = YES;
				MTL_ENABLE_DEBUG_INFO = NO;
				MTL_FAST_MATH = YES;
				SWIFT_COMPILATION_MODE = wholemodule;
				VERSIONING_SYSTEM = "apple-generic";
				VERSION_INFO_PREFIX = "";
			};
			name = Release;
		};
		B0385B142F41DDF000289624 /* Debug */ = {
			isa = XCBuildConfiguration;
			buildSettings = {
				ALLOW_TARGET_PLATFORM_SPECIALIZATION = YES;
				BUILD_LIBRARY_FOR_DISTRIBUTION = YES;
				CODE_SIGN_STYLE = Automatic;
				CURRENT_PROJECT_VERSION = 1;
				DEVELOPMENT_TEAM = R96AT8JUJ4;
				DYLIB_COMPATIBILITY_VERSION = 1;
				DYLIB_CURRENT_VERSION = 1;
				DYLIB_INSTALL_NAME_BASE = "@rpath";
				ENABLE_MODULE_VERIFIER = YES;
				GENERATE_INFOPLIST_FILE = YES;
				INFOPLIST_KEY_NSHumanReadableCopyright = "";
				INSTALL_PATH = "$(LOCAL_LIBRARY_DIR)/Frameworks";
				IPHONEOS_DEPLOYMENT_TARGET = 26.2;
				LD_RUNPATH_SEARCH_PATHS = (
					"@executable_path/Frameworks",
					"@loader_path/Frameworks",
				);
				"LD_RUNPATH_SEARCH_PATHS[sdk=macosx*]" = (
					"@executable_path/../Frameworks",
					"@loader_path/Frameworks",
				);
				MACOSX_DEPLOYMENT_TARGET = 26.2;
				MARKETING_VERSION = 1.0;
				MODULE_VERIFIER_SUPPORTED_LANGUAGES = "objective-c objective-c++";
				MODULE_VERIFIER_SUPPORTED_LANGUAGE_STANDARDS = "gnu17 gnu++20";
				PRODUCT_BUNDLE_IDENTIFIER = io.push.sdk.SwiftKT;
				PRODUCT_NAME = "$(TARGET_NAME:c99extidentifier)";
				SDKROOT = auto;
				SKIP_INSTALL = YES;
				STRING_CATALOG_GENERATE_SYMBOLS = YES;
				SUPPORTED_PLATFORMS = "iphoneos iphonesimulator macosx xros xrsimulator";
				SWIFT_APPROACHABLE_CONCURRENCY = YES;
				SWIFT_EMIT_LOC_STRINGS = YES;
				SWIFT_INSTALL_MODULE = YES;
				SWIFT_INSTALL_OBJC_HEADER = NO;
				SWIFT_UPCOMING_FEATURE_MEMBER_IMPORT_VISIBILITY = YES;
				SWIFT_VERSION = 5.0;
				TARGETED_DEVICE_FAMILY = "1,2,7";
				XROS_DEPLOYMENT_TARGET = 26.2;
			};
			name = Debug;
		};
		B0385B152F41DDF000289624 /* Release */ = {
			isa = XCBuildConfiguration;
			buildSettings = {
				ALLOW_TARGET_PLATFORM_SPECIALIZATION = YES;
				BUILD_LIBRARY_FOR_DISTRIBUTION = YES;
				CODE_SIGN_STYLE = Automatic;
				CURRENT_PROJECT_VERSION = 1;
				DEVELOPMENT_TEAM = R96AT8JUJ4;
				DYLIB_COMPATIBILITY_VERSION = 1;
				DYLIB_CURRENT_VERSION = 1;
				DYLIB_INSTALL_NAME_BASE = "@rpath";
				ENABLE_MODULE_VERIFIER = YES;
				GENERATE_INFOPLIST_FILE = YES;
				INFOPLIST_KEY_NSHumanReadableCopyright = "";
				INSTALL_PATH = "$(LOCAL_LIBRARY_DIR)/Frameworks";
				IPHONEOS_DEPLOYMENT_TARGET = 26.2;
				LD_RUNPATH_SEARCH_PATHS = (
					"@executable_path/Frameworks",
					"@loader_path/Frameworks",
				);
				"LD_RUNPATH_SEARCH_PATHS[sdk=macosx*]" = (
					"@executable_path/../Frameworks",
					"@loader_path/Frameworks",
				);
				MACOSX_DEPLOYMENT_TARGET = 26.2;
				MARKETING_VERSION = 1.0;
				MODULE_VERIFIER_SUPPORTED_LANGUAGES = "objective-c objective-c++";
				MODULE_VERIFIER_SUPPORTED_LANGUAGE_STANDARDS = "gnu17 gnu++20";
				PRODUCT_BUNDLE_IDENTIFIER = io.push.sdk.SwiftKT;
				PRODUCT_NAME = "$(TARGET_NAME:c99extidentifier)";
				SDKROOT = auto;
				SKIP_INSTALL = YES;
				STRING_CATALOG_GENERATE_SYMBOLS = YES;
				SUPPORTED_PLATFORMS = "iphoneos iphonesimulator macosx xros xrsimulator";
				SWIFT_APPROACHABLE_CONCURRENCY = YES;
				SWIFT_EMIT_LOC_STRINGS = YES;
				SWIFT_INSTALL_MODULE = YES;
				SWIFT_INSTALL_OBJC_HEADER = NO;
				SWIFT_UPCOMING_FEATURE_MEMBER_IMPORT_VISIBILITY = YES;
				SWIFT_VERSION = 5.0;
				TARGETED_DEVICE_FAMILY = "1,2,7";
				XROS_DEPLOYMENT_TARGET = 26.2;
			};
			name = Release;
		};
		B0385B172F41DDF000289624 /* Debug */ = {
			isa = XCBuildConfiguration;
			buildSettings = {
				ALLOW_TARGET_PLATFORM_SPECIALIZATION = YES;
				CODE_SIGN_STYLE = Automatic;
				CURRENT_PROJECT_VERSION = 1;
				DEVELOPMENT_TEAM = R96AT8JUJ4;
				GENERATE_INFOPLIST_FILE = YES;
				IPHONEOS_DEPLOYMENT_TARGET = 26.2;
				MACOSX_DEPLOYMENT_TARGET = 26.2;
				MARKETING_VERSION = 1.0;
				PRODUCT_BUNDLE_IDENTIFIER = io.push.sdk.SwiftKTTests;
				PRODUCT_NAME = "$(TARGET_NAME)";
				SDKROOT = auto;
				STRING_CATALOG_GENERATE_SYMBOLS = NO;
				SUPPORTED_PLATFORMS = "iphoneos iphonesimulator macosx xros xrsimulator";
				SWIFT_APPROACHABLE_CONCURRENCY = YES;
				SWIFT_EMIT_LOC_STRINGS = NO;
				SWIFT_UPCOMING_FEATURE_MEMBER_IMPORT_VISIBILITY = YES;
				SWIFT_VERSION = 5.0;
				TARGETED_DEVICE_FAMILY = "1,2,7";
				XROS_DEPLOYMENT_TARGET = 26.2;
			};
			name = Debug;
		};
		B0385B182F41DDF000289624 /* Release */ = {
			isa = XCBuildConfiguration;
			buildSettings = {
				ALLOW_TARGET_PLATFORM_SPECIALIZATION = YES;
				CODE_SIGN_STYLE = Automatic;
				CURRENT_PROJECT_VERSION = 1;
				DEVELOPMENT_TEAM = R96AT8JUJ4;
				GENERATE_INFOPLIST_FILE = YES;
				IPHONEOS_DEPLOYMENT_TARGET = 26.2;
				MACOSX_DEPLOYMENT_TARGET = 26.2;
				MARKETING_VERSION = 1.0;
				PRODUCT_BUNDLE_IDENTIFIER = io.push.sdk.SwiftKTTests;
				PRODUCT_NAME = "$(TARGET_NAME)";
				SDKROOT = auto;
				STRING_CATALOG_GENERATE_SYMBOLS = NO;
				SUPPORTED_PLATFORMS = "iphoneos iphonesimulator macosx xros xrsimulator";
				SWIFT_APPROACHABLE_CONCURRENCY = YES;
				SWIFT_EMIT_LOC_STRINGS = NO;
				SWIFT_UPCOMING_FEATURE_MEMBER_IMPORT_VISIBILITY = YES;
				SWIFT_VERSION = 5.0;
				TARGETED_DEVICE_FAMILY = "1,2,7";
				XROS_DEPLOYMENT_TARGET = 26.2;
			};
			name = Release;
		};
/* End XCBuildConfiguration section */

/* Begin XCConfigurationList section */
		B0385AF92F41DDEF00289624 /* Build configuration list for PBXProject "SwiftKT" */ = {
			isa = XCConfigurationList;
			buildConfigurations = (
				B0385B112F41DDF000289624 /* Debug */,
				B0385B122F41DDF000289624 /* Release */,
			);
			defaultConfigurationIsVisible = 0;
			defaultConfigurationName = Release;
		};
		B0385B132F41DDF000289624 /* Build configuration list for PBXNativeTarget "SwiftKT" */ = {
			isa = XCConfigurationList;
			buildConfigurations = (
				B0385B142F41DDF000289624 /* Debug */,
				B0385B152F41DDF000289624 /* Release */,
			);
			defaultConfigurationIsVisible = 0;
			defaultConfigurationName = Release;
		};
		B0385B162F41DDF000289624 /* Build configuration list for PBXNativeTarget "SwiftKTTests" */ = {
			isa = XCConfigurationList;
			buildConfigurations = (
				B0385B172F41DDF000289624 /* Debug */,
				B0385B182F41DDF000289624 /* Release */,
			);
			defaultConfigurationIsVisible = 0;
			defaultConfigurationName = Release;
		};
/* End XCConfigurationList section */
	};
	rootObject = B0385AF62F41DDEF00289624 /* Project object */;
}
